
Microsoft Visual Studio Solution File, Format Version 12.00
# Visual Studio Version 17
VisualStudioVersion = 17.3.32929.385
MinimumVisualStudioVersion = 10.0.40219.1
Project("{9A19103F-16F7-4668-BE54-9A1E7A4F7556}") = "Faker.Core", "Faker.Core\Faker.Core.csproj", "{7F58ECB9-E882-433A-9194-F71F35D90413}"
EndProject
Project("{FAE04EC0-301F-11D3-BF4B-00C04F79EFBC}") = "Faker.DebugSession", "Faker.DebugSession\Faker.DebugSession.csproj", "{ABFD97B9-BC9A-4818-B670-75D8FDA36916}"
EndProject
Global
	GlobalSection(SolutionConfigurationPlatforms) = preSolution
		Debug|Any CPU = Debug|Any CPU
		Release|Any CPU = Release|Any CPU
	EndGlobalSection
	GlobalSection(ProjectConfigurationPlatforms) = postSolution
		{7F58ECB9-E882-433A-9194-F71F35D90413}.Debug|Any CPU.ActiveCfg = Debug|Any CPU
		{7F58ECB9-E882-433A-9194-F71F35D90413}.Debug|Any CPU.Build.0 = Debug|Any CPU
		{7F58ECB9-E882-433A-9194-F71F35D90413}.Release|Any CPU.ActiveCfg = Release|Any CPU
		{7F58ECB9-E882-433A-9194-F71F35D90413}.Release|Any CPU.Build.0 = Release|Any CPU
		{ABFD97B9-BC9A-4818-B670-75D8FDA36916}.Debug|Any CPU.ActiveCfg = Debug|Any CPU
		{ABFD97B9-BC9A-4818-B670-75D8FDA36916}.Debug|Any CPU.Build.0 = Debug|Any CPU
		{ABFD97B9-BC9A-4818-B670-75D8FDA36916}.Release|Any CPU.ActiveCfg = Release|Any CPU
		{ABFD97B9-BC9A-4818-B670-75D8FDA36916}.Release|Any CPU.Build.0 = Release|Any CPU
	EndGlobalSection
	GlobalSection(SolutionProperties) = preSolution
		HideSolutionNode = FALSE
	EndGlobalSection
	GlobalSection(ExtensibilityGlobals) = postSolution
		SolutionGuid = {ECE25EA9-D24E-45AD-B256-F3C7B6DBF38F}
	EndGlobalSection
EndGlobal
